Microsoft Visual Studio Solution File, Format Version 10.00
# Visual Studio 2008
Project("{8BC9CEB8-8B4A-11D0-8D11-00A0C91BC942}") = "ClockerPlugIn", "ClockerPlugIn\ClockerPlugIn.vcproj", "{DC193853-AAF6-49F8-A412-80094B7C7242}"
	ProjectSection(ProjectDependencies) = postProject
		{DF0107FB-5759-4F55-93C4-3959FEE9E5FD} = {DF0107FB-5759-4F55-93C4-3959FEE9E5FD}
	EndProjectSection
EndProject
Project("{8BC9CEB8-8B4A-11D0-8D11-00A0C91BC942}") = "CppUnitTestApp", "msvc6\CppUnitTestApp\CppUnitTestApp.vcproj", "{E46764BF-19CF-441B-A3B8-7D1086B6ABD2}"
	ProjectSection(ProjectDependencies) = postProject
		{5245E25D-52B1-494B-815B-6E402C6AD616} = {5245E25D-52B1-494B-815B-6E402C6AD616}
	EndProjectSection
EndProject
Project("{8BC9CEB8-8B4A-11D0-8D11-00A0C91BC942}") = "CppUnitTestMain", "cppunittest\CppUnitTestMain.vcproj", "{75F56B48-64CA-4888-9EA3-4756B1C66C9F}"
	ProjectSection(ProjectDependencies) = postProject
		{DF0107FB-5759-4F55-93C4-3959FEE9E5FD} = {DF0107FB-5759-4F55-93C4-3959FEE9E5FD}
		{D45C5986-0D76-4B0A-8470-4830C9C659EE} = {D45C5986-0D76-4B0A-8470-4830C9C659EE}
	EndProjectSection
EndProject
Project("{8BC9CEB8-8B4A-11D0-8D11-00A0C91BC942}") = "CppUnitTestPlugIn", "cppunittest\CppUnitTestPlugIn.vcproj", "{583EC31A-09D5-45AE-9B81-925428D94ABA}"
	ProjectSection(ProjectDependencies) = postProject
		{DF0107FB-5759-4F55-93C4-3959FEE9E5FD} = {DF0107FB-5759-4F55-93C4-3959FEE9E5FD}
	EndProjectSection
EndProject
Project("{8BC9CEB8-8B4A-11D0-8D11-00A0C91BC942}") = "DllPlugInTester", "..\src\DllPlugInTester\DllPlugInTester.vcproj", "{B893C06A-C538-40F8-B9E9-C95A1D708A23}"
	ProjectSection(ProjectDependencies) = postProject
		{DF0107FB-5759-4F55-93C4-3959FEE9E5FD} = {DF0107FB-5759-4F55-93C4-3959FEE9E5FD}
	EndProjectSection
EndProject
Project("{8BC9CEB8-8B4A-11D0-8D11-00A0C91BC942}") = "DllPlugInTesterTest", "..\src\DllPlugInTester\DllPlugInTesterTest.vcproj", "{48E23B7D-23A9-4694-9BBC-EC9AB18F9767}"
EndProject
Project("{8BC9CEB8-8B4A-11D0-8D11-00A0C91BC942}") = "DumperPlugIn", "DumperPlugIn\DumperPlugIn.vcproj", "{09309260-BE40-457B-BF2B-67B0EB903B5C}"
	ProjectSection(ProjectDependencies) = postProject
		{DF0107FB-5759-4F55-93C4-3959FEE9E5FD} = {DF0107FB-5759-4F55-93C4-3959FEE9E5FD}
	EndProjectSection
EndProject
Project("{8BC9CEB8-8B4A-11D0-8D11-00A0C91BC942}") = "HostApp", "msvc6\HostApp\HostApp.vcproj", "{E2D9ACCC-1A59-4E2C-B2CC-70DF05A1CE1B}"
	ProjectSection(ProjectDependencies) = postProject
		{5245E25D-52B1-494B-815B-6E402C6AD616} = {5245E25D-52B1-494B-815B-6E402C6AD616}
	EndProjectSection
EndProject
Project("{8BC9CEB8-8B4A-11D0-8D11-00A0C91BC942}") = "TestPlugInRunner", "..\src\msvc6\testpluginrunner\TestPlugInRunner.vcproj", "{12FE7518-6E64-4163-A8A3-895852F23EE5}"
	ProjectSection(ProjectDependencies) = postProject
		{DF0107FB-5759-4F55-93C4-3959FEE9E5FD} = {DF0107FB-5759-4F55-93C4-3959FEE9E5FD}
	EndProjectSection
EndProject
Project("{8BC9CEB8-8B4A-11D0-8D11-00A0C91BC942}") = "TestRunner", "..\src\msvc6\testrunner\TestRunner.vcproj", "{5245E25D-52B1-494B-815B-6E402C6AD616}"
	ProjectSection(ProjectDependencies) = postProject
		{D45C5986-0D76-4B0A-8470-4830C9C659EE} = {D45C5986-0D76-4B0A-8470-4830C9C659EE}
	EndProjectSection
EndProject
Project("{8BC9CEB8-8B4A-11D0-8D11-00A0C91BC942}") = "cppunit", "..\src\cppunit\cppunit.vcproj", "{D45C5986-0D76-4B0A-8470-4830C9C659EE}"
EndProject
Project("{8BC9CEB8-8B4A-11D0-8D11-00A0C91BC942}") = "cppunit_dll", "..\src\cppunit\cppunit_dll.vcproj", "{DF0107FB-5759-4F55-93C4-3959FEE9E5FD}"
EndProject
Project("{8BC9CEB8-8B4A-11D0-8D11-00A0C91BC942}") = "hierarchy", "hierarchy\hierarchy.vcproj", "{1D143AAE-9C3B-4216-8296-8AAB994E6C38}"
	ProjectSection(ProjectDependencies) = postProject
		{D45C5986-0D76-4B0A-8470-4830C9C659EE} = {D45C5986-0D76-4B0A-8470-4830C9C659EE}
	EndProjectSection
EndProject
Project("{8BC9CEB8-8B4A-11D0-8D11-00A0C91BC942}") = "money", "money\money.vcproj", "{693E6841-249B-4C86-9F29-E02C7DAF9603}"
	ProjectSection(ProjectDependencies) = postProject
		{D45C5986-0D76-4B0A-8470-4830C9C659EE} = {D45C5986-0D76-4B0A-8470-4830C9C659EE}
	EndProjectSection
EndProject
Project("{8BC9CEB8-8B4A-11D0-8D11-00A0C91BC942}") = "simple", "simple\simple.vcproj", "{165D903F-DC82-46AD-A26E-417AE3923A0B}"
	ProjectSection(ProjectDependencies) = postProject
		{D45C5986-0D76-4B0A-8470-4830C9C659EE} = {D45C5986-0D76-4B0A-8470-4830C9C659EE}
	EndProjectSection
EndProject
Project("{8BC9CEB8-8B4A-11D0-8D11-00A0C91BC942}") = "simple_plugin", "simple\simple_plugin.vcproj", "{16983A46-14D4-4474-B02F-29E4788857FD}"
	ProjectSection(ProjectDependencies) = postProject
		{B893C06A-C538-40F8-B9E9-C95A1D708A23} = {B893C06A-C538-40F8-B9E9-C95A1D708A23}
		{DF0107FB-5759-4F55-93C4-3959FEE9E5FD} = {DF0107FB-5759-4F55-93C4-3959FEE9E5FD}
	EndProjectSection
EndProject
Global
	GlobalSection(SolutionConfigurationPlatforms) = preSolution
		Debug DLL|Win32 = Debug DLL|Win32
		Debug No Type Info Name|Win32 = Debug No Type Info Name|Win32
		Debug NtTimer|Win32 = Debug NtTimer|Win32
		Debug Static|Win32 = Debug Static|Win32
		Debug Unicode|Win32 = Debug Unicode|Win32
		Debug|Win32 = Debug|Win32
		Release DLL|Win32 = Release DLL|Win32
		Release Static|Win32 = Release Static|Win32
		Release Unicode|Win32 = Release Unicode|Win32
		Release|Win32 = Release|Win32
	EndGlobalSection
	GlobalSection(ProjectConfigurationPlatforms) = postSolution
		{DC193853-AAF6-49F8-A412-80094B7C7242}.Debug DLL|Win32.ActiveCfg = Debug NtTimer|Win32
		{DC193853-AAF6-49F8-A412-80094B7C7242}.Debug DLL|Win32.Build.0 = Debug NtTimer|Win32
		{DC193853-AAF6-49F8-A412-80094B7C7242}.Debug No Type Info Name|Win32.ActiveCfg = Debug NtTimer|Win32
		{DC193853-AAF6-49F8-A412-80094B7C7242}.Debug No Type Info Name|Win32.Build.0 = Debug NtTimer|Win32
		{DC193853-AAF6-49F8-A412-80094B7C7242}.Debug NtTimer|Win32.ActiveCfg = Debug NtTimer|Win32
		{DC193853-AAF6-49F8-A412-80094B7C7242}.Debug NtTimer|Win32.Build.0 = Debug NtTimer|Win32
		{DC193853-AAF6-49F8-A412-80094B7C7242}.Debug Static|Win32.ActiveCfg = Debug NtTimer|Win32
		{DC193853-AAF6-49F8-A412-80094B7C7242}.Debug Static|Win32.Build.0 = Debug NtTimer|Win32
		{DC193853-AAF6-49F8-A412-80094B7C7242}.Debug Unicode|Win32.ActiveCfg = Debug NtTimer|Win32
		{DC193853-AAF6-49F8-A412-80094B7C7242}.Debug Unicode|Win32.Build.0 = Debug NtTimer|Win32
		{DC193853-AAF6-49F8-A412-80094B7C7242}.Debug|Win32.ActiveCfg = Debug|Win32
		{DC193853-AAF6-49F8-A412-80094B7C7242}.Debug|Win32.Build.0 = Debug|Win32
		{DC193853-AAF6-49F8-A412-80094B7C7242}.Release DLL|Win32.ActiveCfg = Release|Win32
		{DC193853-AAF6-49F8-A412-80094B7C7242}.Release DLL|Win32.Build.0 = Release|Win32
		{DC193853-AAF6-49F8-A412-80094B7C7242}.Release Static|Win32.ActiveCfg = Release|Win32
		{DC193853-AAF6-49F8-A412-80094B7C7242}.Release Static|Win32.Build.0 = Release|Win32
		{DC193853-AAF6-49F8-A412-80094B7C7242}.Release Unicode|Win32.ActiveCfg = Release|Win32
		{DC193853-AAF6-49F8-A412-80094B7C7242}.Release Unicode|Win32.Build.0 = Release|Win32
		{DC193853-AAF6-49F8-A412-80094B7C7242}.Release|Win32.ActiveCfg = Release|Win32
		{DC193853-AAF6-49F8-A412-80094B7C7242}.Release|Win32.Build.0 = Release|Win32
		{E46764BF-19CF-441B-A3B8-7D1086B6ABD2}.Debug DLL|Win32.ActiveCfg = Debug|Win32
		{E46764BF-19CF-441B-A3B8-7D1086B6ABD2}.Debug DLL|Win32.Build.0 = Debug|Win32
		{E46764BF-19CF-441B-A3B8-7D1086B6ABD2}.Debug No Type Info Name|Win32.ActiveCfg = Debug|Win32
		{E46764BF-19CF-441B-A3B8-7D1086B6ABD2}.Debug No Type Info Name|Win32.Build.0 = Debug|Win32
		{E46764BF-19CF-441B-A3B8-7D1086B6ABD2}.Debug NtTimer|Win32.ActiveCfg = Debug|Win32
		{E46764BF-19CF-441B-A3B8-7D1086B6ABD2}.Debug NtTimer|Win32.Build.0 = Debug|Win32
		{E46764BF-19CF-441B-A3B8-7D1086B6ABD2}.Debug Static|Win32.ActiveCfg = Debug|Win32
		{E46764BF-19CF-441B-A3B8-7D1086B6ABD2}.Debug Static|Win32.Build.0 = Debug|Win32
		{E46764BF-19CF-441B-A3B8-7D1086B6ABD2}.Debug Unicode|Win32.ActiveCfg = Debug|Win32
		{E46764BF-19CF-441B-A3B8-7D1086B6ABD2}.Debug Unicode|Win32.Build.0 = Debug|Win32
		{E46764BF-19CF-441B-A3B8-7D1086B6ABD2}.Debug|Win32.ActiveCfg = Debug|Win32
		{E46764BF-19CF-441B-A3B8-7D1086B6ABD2}.Debug|Win32.Build.0 = Debug|Win32
		{E46764BF-19CF-441B-A3B8-7D1086B6ABD2}.Release DLL|Win32.ActiveCfg = Release|Win32
		{E46764BF-19CF-441B-A3B8-7D1086B6ABD2}.Release DLL|Win32.Build.0 = Release|Win32
		{E46764BF-19CF-441B-A3B8-7D1086B6ABD2}.Release Static|Win32.ActiveCfg = Release|Win32
		{E46764BF-19CF-441B-A3B8-7D1086B6ABD2}.Release Static|Win32.Build.0 = Release|Win32
		{E46764BF-19CF-441B-A3B8-7D1086B6ABD2}.Release Unicode|Win32.ActiveCfg = Release|Win32
		{E46764BF-19CF-441B-A3B8-7D1086B6ABD2}.Release Unicode|Win32.Build.0 = Release|Win32
		{E46764BF-19CF-441B-A3B8-7D1086B6ABD2}.Release|Win32.ActiveCfg = Release|Win32
		{E46764BF-19CF-441B-A3B8-7D1086B6ABD2}.Release|Win32.Build.0 = Release|Win32
		{75F56B48-64CA-4888-9EA3-4756B1C66C9F}.Debug DLL|Win32.ActiveCfg = Debug DLL|Win32
		{75F56B48-64CA-4888-9EA3-4756B1C66C9F}.Debug DLL|Win32.Build.0 = Debug DLL|Win32
		{75F56B48-64CA-4888-9EA3-4756B1C66C9F}.Debug No Type Info Name|Win32.ActiveCfg = Debug|Win32
		{75F56B48-64CA-4888-9EA3-4756B1C66C9F}.Debug No Type Info Name|Win32.Build.0 = Debug|Win32
		{75F56B48-64CA-4888-9EA3-4756B1C66C9F}.Debug NtTimer|Win32.ActiveCfg = Debug|Win32
		{75F56B48-64CA-4888-9EA3-4756B1C66C9F}.Debug NtTimer|Win32.Build.0 = Debug|Win32
		{75F56B48-64CA-4888-9EA3-4756B1C66C9F}.Debug Static|Win32.ActiveCfg = Debug|Win32
		{75F56B48-64CA-4888-9EA3-4756B1C66C9F}.Debug Static|Win32.Build.0 = Debug|Win32
		{75F56B48-64CA-4888-9EA3-4756B1C66C9F}.Debug Unicode|Win32.ActiveCfg = Debug|Win32
		{75F56B48-64CA-4888-9EA3-4756B1C66C9F}.Debug Unicode|Win32.Build.0 = Debug|Win32
		{75F56B48-64CA-4888-9EA3-4756B1C66C9F}.Debug|Win32.ActiveCfg = Debug|Win32
		{75F56B48-64CA-4888-9EA3-4756B1C66C9F}.Debug|Win32.Build.0 = Debug|Win32
		{75F56B48-64CA-4888-9EA3-4756B1C66C9F}.Release DLL|Win32.ActiveCfg = Release DLL|Win32
		{75F56B48-64CA-4888-9EA3-4756B1C66C9F}.Release DLL|Win32.Build.0 = Release DLL|Win32
		{75F56B48-64CA-4888-9EA3-4756B1C66C9F}.Release Static|Win32.ActiveCfg = Release|Win32
		{75F56B48-64CA-4888-9EA3-4756B1C66C9F}.Release Static|Win32.Build.0 = Release|Win32
		{75F56B48-64CA-4888-9EA3-4756B1C66C9F}.Release Unicode|Win32.ActiveCfg = Release|Win32
		{75F56B48-64CA-4888-9EA3-4756B1C66C9F}.Release Unicode|Win32.Build.0 = Release|Win32
		{75F56B48-64CA-4888-9EA3-4756B1C66C9F}.Release|Win32.ActiveCfg = Release|Win32
		{75F56B48-64CA-4888-9EA3-4756B1C66C9F}.Release|Win32.Build.0 = Release|Win32
		{583EC31A-09D5-45AE-9B81-925428D94ABA}.Debug DLL|Win32.ActiveCfg = Debug|Win32
		{583EC31A-09D5-45AE-9B81-925428D94ABA}.Debug DLL|Win32.Build.0 = Debug|Win32
		{583EC31A-09D5-45AE-9B81-925428D94ABA}.Debug No Type Info Name|Win32.ActiveCfg = Debug|Win32
		{583EC31A-09D5-45AE-9B81-925428D94ABA}.Debug No Type Info Name|Win32.Build.0 = Debug|Win32
		{583EC31A-09D5-45AE-9B81-925428D94ABA}.Debug NtTimer|Win32.ActiveCfg = Debug|Win32
		{583EC31A-09D5-45AE-9B81-925428D94ABA}.Debug NtTimer|Win32.Build.0 = Debug|Win32
		{583EC31A-09D5-45AE-9B81-925428D94ABA}.Debug Static|Win32.ActiveCfg = Debug|Win32
		{583EC31A-09D5-45AE-9B81-925428D94ABA}.Debug Static|Win32.Build.0 = Debug|Win32
		{583EC31A-09D5-45AE-9B81-925428D94ABA}.Debug Unicode|Win32.ActiveCfg = Debug|Win32
		{583EC31A-09D5-45AE-9B81-925428D94ABA}.Debug Unicode|Win32.Build.0 = Debug|Win32
		{583EC31A-09D5-45AE-9B81-925428D94ABA}.Debug|Win32.ActiveCfg = Debug|Win32
		{583EC31A-09D5-45AE-9B81-925428D94ABA}.Debug|Win32.Build.0 = Debug|Win32
		{583EC31A-09D5-45AE-9B81-925428D94ABA}.Release DLL|Win32.ActiveCfg = Release|Win32
		{583EC31A-09D5-45AE-9B81-925428D94ABA}.Release DLL|Win32.Build.0 = Release|Win32
		{583EC31A-09D5-45AE-9B81-925428D94ABA}.Release Static|Win32.ActiveCfg = Release|Win32
		{583EC31A-09D5-45AE-9B81-925428D94ABA}.Release Static|Win32.Build.0 = Release|Win32
		{583EC31A-09D5-45AE-9B81-925428D94ABA}.Release Unicode|Win32.ActiveCfg = Release|Win32
		{583EC31A-09D5-45AE-9B81-925428D94ABA}.Release Unicode|Win32.Build.0 = Release|Win32
		{583EC31A-09D5-45AE-9B81-925428D94ABA}.Release|Win32.ActiveCfg = Release|Win32
		{583EC31A-09D5-45AE-9B81-925428D94ABA}.Release|Win32.Build.0 = Release|Win32
		{B893C06A-C538-40F8-B9E9-C95A1D708A23}.Debug DLL|Win32.ActiveCfg = Debug Unicode|Win32
		{B893C06A-C538-40F8-B9E9-C95A1D708A23}.Debug DLL|Win32.Build.0 = Debug Unicode|Win32
		{B893C06A-C538-40F8-B9E9-C95A1D708A23}.Debug No Type Info Name|Win32.ActiveCfg = Debug Unicode|Win32
		{B893C06A-C538-40F8-B9E9-C95A1D708A23}.Debug No Type Info Name|Win32.Build.0 = Debug Unicode|Win32
		{B893C06A-C538-40F8-B9E9-C95A1D708A23}.Debug NtTimer|Win32.ActiveCfg = Debug Unicode|Win32
		{B893C06A-C538-40F8-B9E9-C95A1D708A23}.Debug NtTimer|Win32.Build.0 = Debug Unicode|Win32
		{B893C06A-C538-40F8-B9E9-C95A1D708A23}.Debug Static|Win32.ActiveCfg = Debug Static|Win32
		{B893C06A-C538-40F8-B9E9-C95A1D708A23}.Debug Static|Win32.Build.0 = Debug Static|Win32
		{B893C06A-C538-40F8-B9E9-C95A1D708A23}.Debug Unicode|Win32.ActiveCfg = Debug Unicode|Win32
		{B893C06A-C538-40F8-B9E9-C95A1D708A23}.Debug Unicode|Win32.Build.0 = Debug Unicode|Win32
		{B893C06A-C538-40F8-B9E9-C95A1D708A23}.Debug|Win32.ActiveCfg = Debug|Win32
		{B893C06A-C538-40F8-B9E9-C95A1D708A23}.Debug|Win32.Build.0 = Debug|Win32
		{B893C06A-C538-40F8-B9E9-C95A1D708A23}.Release DLL|Win32.ActiveCfg = Release Static|Win32
		{B893C06A-C538-40F8-B9E9-C95A1D708A23}.Release DLL|Win32.Build.0 = Release Static|Win32
		{B893C06A-C538-40F8-B9E9-C95A1D708A23}.Release Static|Win32.ActiveCfg = Release Static|Win32
		{B893C06A-C538-40F8-B9E9-C95A1D708A23}.Release Static|Win32.Build.0 = Release Static|Win32
		{B893C06A-C538-40F8-B9E9-C95A1D708A23}.Release Unicode|Win32.ActiveCfg = Release Unicode|Win32
		{B893C06A-C538-40F8-B9E9-C95A1D708A23}.Release Unicode|Win32.Build.0 = Release Unicode|Win32
		{B893C06A-C538-40F8-B9E9-C95A1D708A23}.Release|Win32.ActiveCfg = Release|Win32
		{B893C06A-C538-40F8-B9E9-C95A1D708A23}.Release|Win32.Build.0 = Release|Win32
		{48E23B7D-23A9-4694-9BBC-EC9AB18F9767}.Debug DLL|Win32.ActiveCfg = Debug|Win32
		{48E23B7D-23A9-4694-9BBC-EC9AB18F9767}.Debug DLL|Win32.Build.0 = Debug|Win32
		{48E23B7D-23A9-4694-9BBC-EC9AB18F9767}.Debug No Type Info Name|Win32.ActiveCfg = Debug|Win32
		{48E23B7D-23A9-4694-9BBC-EC9AB18F9767}.Debug No Type Info Name|Win32.Build.0 = Debug|Win32
		{48E23B7D-23A9-4694-9BBC-EC9AB18F9767}.Debug NtTimer|Win32.ActiveCfg = Debug|Win32
		{48E23B7D-23A9-4694-9BBC-EC9AB18F9767}.Debug NtTimer|Win32.Build.0 = Debug|Win32
		{48E23B7D-23A9-4694-9BBC-EC9AB18F9767}.Debug Static|Win32.ActiveCfg = Debug|Win32
		{48E23B7D-23A9-4694-9BBC-EC9AB18F9767}.Debug Static|Win32.Build.0 = Debug|Win32
		{48E23B7D-23A9-4694-9BBC-EC9AB18F9767}.Debug Unicode|Win32.ActiveCfg = Debug|Win32
		{48E23B7D-23A9-4694-9BBC-EC9AB18F9767}.Debug Unicode|Win32.Build.0 = Debug|Win32
		{48E23B7D-23A9-4694-9BBC-EC9AB18F9767}.Debug|Win32.ActiveCfg = Debug|Win32
		{48E23B7D-23A9-4694-9BBC-EC9AB18F9767}.Debug|Win32.Build.0 = Debug|Win32
		{48E23B7D-23A9-4694-9BBC-EC9AB18F9767}.Release DLL|Win32.ActiveCfg = Release|Win32
		{48E23B7D-23A9-4694-9BBC-EC9AB18F9767}.Release DLL|Win32.Build.0 = Release|Win32
		{48E23B7D-23A9-4694-9BBC-EC9AB18F9767}.Release Static|Win32.ActiveCfg = Release|Win32
		{48E23B7D-23A9-4694-9BBC-EC9AB18F9767}.Release Static|Win32.Build.0 = Release|Win32
		{48E23B7D-23A9-4694-9BBC-EC9AB18F9767}.Release Unicode|Win32.ActiveCfg = Release|Win32
		{48E23B7D-23A9-4694-9BBC-EC9AB18F9767}.Release Unicode|Win32.Build.0 = Release|Win32
		{48E23B7D-23A9-4694-9BBC-EC9AB18F9767}.Release|Win32.ActiveCfg = Release|Win32
		{48E23B7D-23A9-4694-9BBC-EC9AB18F9767}.Release|Win32.Build.0 = Release|Win32
		{09309260-BE40-457B-BF2B-67B0EB903B5C}.Debug DLL|Win32.ActiveCfg = Debug|Win32
		{09309260-BE40-457B-BF2B-67B0EB903B5C}.Debug DLL|Win32.Build.0 = Debug|Win32
		{09309260-BE40-457B-BF2B-67B0EB903B5C}.Debug No Type Info Name|Win32.ActiveCfg = Debug|Win32
		{09309260-BE40-457B-BF2B-67B0EB903B5C}.Debug No Type Info Name|Win32.Build.0 = Debug|Win32
		{09309260-BE40-457B-BF2B-67B0EB903B5C}.Debug NtTimer|Win32.ActiveCfg = Debug|Win32
		{09309260-BE40-457B-BF2B-67B0EB903B5C}.Debug NtTimer|Win32.Build.0 = Debug|Win32
		{09309260-BE40-457B-BF2B-67B0EB903B5C}.Debug Static|Win32.ActiveCfg = Debug|Win32
		{09309260-BE40-457B-BF2B-67B0EB903B5C}.Debug Static|Win32.Build.0 = Debug|Win32
		{09309260-BE40-457B-BF2B-67B0EB903B5C}.Debug Unicode|Win32.ActiveCfg = Debug|Win32
		{09309260-BE40-457B-BF2B-67B0EB903B5C}.Debug Unicode|Win32.Build.0 = Debug|Win32
		{09309260-BE40-457B-BF2B-67B0EB903B5C}.Debug|Win32.ActiveCfg = Debug|Win32
		{09309260-BE40-457B-BF2B-67B0EB903B5C}.Debug|Win32.Build.0 = Debug|Win32
		{09309260-BE40-457B-BF2B-67B0EB903B5C}.Release DLL|Win32.ActiveCfg = Release|Win32
		{09309260-BE40-457B-BF2B-67B0EB903B5C}.Release DLL|Win32.Build.0 = Release|Win32
		{09309260-BE40-457B-BF2B-67B0EB903B5C}.Release Static|Win32.ActiveCfg = Release|Win32
		{09309260-BE40-457B-BF2B-67B0EB903B5C}.Release Static|Win32.Build.0 = Release|Win32
		{09309260-BE40-457B-BF2B-67B0EB903B5C}.Release Unicode|Win32.ActiveCfg = Release|Win32
		{09309260-BE40-457B-BF2B-67B0EB903B5C}.Release Unicode|Win32.Build.0 = Release|Win32
		{09309260-BE40-457B-BF2B-67B0EB903B5C}.Release|Win32.ActiveCfg = Release|Win32
		{09309260-BE40-457B-BF2B-67B0EB903B5C}.Release|Win32.Build.0 = Release|Win32
		{E2D9ACCC-1A59-4E2C-B2CC-70DF05A1CE1B}.Debug DLL|Win32.ActiveCfg = Debug No Type Info Name|Win32
		{E2D9ACCC-1A59-4E2C-B2CC-70DF05A1CE1B}.Debug DLL|Win32.Build.0 = Debug No Type Info Name|Win32
		{E2D9ACCC-1A59-4E2C-B2CC-70DF05A1CE1B}.Debug No Type Info Name|Win32.ActiveCfg = Debug No Type Info Name|Win32
		{E2D9ACCC-1A59-4E2C-B2CC-70DF05A1CE1B}.Debug No Type Info Name|Win32.Build.0 = Debug No Type Info Name|Win32
		{E2D9ACCC-1A59-4E2C-B2CC-70DF05A1CE1B}.Debug NtTimer|Win32.ActiveCfg = Debug No Type Info Name|Win32
		{E2D9ACCC-1A59-4E2C-B2CC-70DF05A1CE1B}.Debug NtTimer|Win32.Build.0 = Debug No Type Info Name|Win32
		{E2D9ACCC-1A59-4E2C-B2CC-70DF05A1CE1B}.Debug Static|Win32.ActiveCfg = Debug No Type Info Name|Win32
		{E2D9ACCC-1A59-4E2C-B2CC-70DF05A1CE1B}.Debug Static|Win32.Build.0 = Debug No Type Info Name|Win32
		{E2D9ACCC-1A59-4E2C-B2CC-70DF05A1CE1B}.Debug Unicode|Win32.ActiveCfg = Debug Unicode|Win32
		{E2D9ACCC-1A59-4E2C-B2CC-70DF05A1CE1B}.Debug Unicode|Win32.Build.0 = Debug Unicode|Win32
		{E2D9ACCC-1A59-4E2C-B2CC-70DF05A1CE1B}.Debug|Win32.ActiveCfg = Debug|Win32
		{E2D9ACCC-1A59-4E2C-B2CC-70DF05A1CE1B}.Debug|Win32.Build.0 = Debug|Win32
		{E2D9ACCC-1A59-4E2C-B2CC-70DF05A1CE1B}.Release DLL|Win32.ActiveCfg = Release Unicode|Win32
		{E2D9ACCC-1A59-4E2C-B2CC-70DF05A1CE1B}.Release DLL|Win32.Build.0 = Release Unicode|Win32
		{E2D9ACCC-1A59-4E2C-B2CC-70DF05A1CE1B}.Release Static|Win32.ActiveCfg = Release Unicode|Win32
		{E2D9ACCC-1A59-4E2C-B2CC-70DF05A1CE1B}.Release Static|Win32.Build.0 = Release Unicode|Win32
		{E2D9ACCC-1A59-4E2C-B2CC-70DF05A1CE1B}.Release Unicode|Win32.ActiveCfg = Release Unicode|Win32
		{E2D9ACCC-1A59-4E2C-B2CC-70DF05A1CE1B}.Release Unicode|Win32.Build.0 = Release Unicode|Win32
		{E2D9ACCC-1A59-4E2C-B2CC-70DF05A1CE1B}.Release|Win32.ActiveCfg = Release|Win32
		{E2D9ACCC-1A59-4E2C-B2CC-70DF05A1CE1B}.Release|Win32.Build.0 = Release|Win32
		{12FE7518-6E64-4163-A8A3-895852F23EE5}.Debug DLL|Win32.ActiveCfg = Debug|Win32
		{12FE7518-6E64-4163-A8A3-895852F23EE5}.Debug DLL|Win32.Build.0 = Debug|Win32
		{12FE7518-6E64-4163-A8A3-895852F23EE5}.Debug No Type Info Name|Win32.ActiveCfg = Debug|Win32
		{12FE7518-6E64-4163-A8A3-895852F23EE5}.Debug No Type Info Name|Win32.Build.0 = Debug|Win32
		{12FE7518-6E64-4163-A8A3-895852F23EE5}.Debug NtTimer|Win32.ActiveCfg = Debug|Win32
		{12FE7518-6E64-4163-A8A3-895852F23EE5}.Debug NtTimer|Win32.Build.0 = Debug|Win32
		{12FE7518-6E64-4163-A8A3-895852F23EE5}.Debug Static|Win32.ActiveCfg = Debug|Win32
		{12FE7518-6E64-4163-A8A3-895852F23EE5}.Debug Static|Win32.Build.0 = Debug|Win32
		{12FE7518-6E64-4163-A8A3-895852F23EE5}.Debug Unicode|Win32.ActiveCfg = Debug|Win32
		{12FE7518-6E64-4163-A8A3-895852F23EE5}.Debug Unicode|Win32.Build.0 = Debug|Win32
		{12FE7518-6E64-4163-A8A3-895852F23EE5}.Debug|Win32.ActiveCfg = Debug|Win32
		{12FE7518-6E64-4163-A8A3-895852F23EE5}.Debug|Win32.Build.0 = Debug|Win32
		{12FE7518-6E64-4163-A8A3-895852F23EE5}.Release DLL|Win32.ActiveCfg = Release|Win32
		{12FE7518-6E64-4163-A8A3-895852F23EE5}.Release DLL|Win32.Build.0 = Release|Win32
		{12FE7518-6E64-4163-A8A3-895852F23EE5}.Release Static|Win32.ActiveCfg = Release|Win32
		{12FE7518-6E64-4163-A8A3-895852F23EE5}.Release Static|Win32.Build.0 = Release|Win32
		{12FE7518-6E64-4163-A8A3-895852F23EE5}.Release Unicode|Win32.ActiveCfg = Release|Win32
		{12FE7518-6E64-4163-A8A3-895852F23EE5}.Release Unicode|Win32.Build.0 = Release|Win32
		{12FE7518-6E64-4163-A8A3-895852F23EE5}.Release|Win32.ActiveCfg = Release|Win32
		{12FE7518-6E64-4163-A8A3-895852F23EE5}.Release|Win32.Build.0 = Release|Win32
		{5245E25D-52B1-494B-815B-6E402C6AD616}.Debug DLL|Win32.ActiveCfg = Debug|Win32
		{5245E25D-52B1-494B-815B-6E402C6AD616}.Debug DLL|Win32.Build.0 = Debug|Win32
		{5245E25D-52B1-494B-815B-6E402C6AD616}.Debug No Type Info Name|Win32.ActiveCfg = Debug|Win32
		{5245E25D-52B1-494B-815B-6E402C6AD616}.Debug No Type Info Name|Win32.Build.0 = Debug|Win32
		{5245E25D-52B1-494B-815B-6E402C6AD616}.Debug NtTimer|Win32.ActiveCfg = Debug|Win32
		{5245E25D-52B1-494B-815B-6E402C6AD616}.Debug NtTimer|Win32.Build.0 = Debug|Win32
		{5245E25D-52B1-494B-815B-6E402C6AD616}.Debug Static|Win32.ActiveCfg = Debug|Win32
		{5245E25D-52B1-494B-815B-6E402C6AD616}.Debug Static|Win32.Build.0 = Debug|Win32
		{5245E25D-52B1-494B-815B-6E402C6AD616}.Debug Unicode|Win32.ActiveCfg = Debug Unicode|Win32
		{5245E25D-52B1-494B-815B-6E402C6AD616}.Debug Unicode|Win32.Build.0 = Debug Unicode|Win32
		{5245E25D-52B1-494B-815B-6E402C6AD616}.Debug|Win32.ActiveCfg = Debug|Win32
		{5245E25D-52B1-494B-815B-6E402C6AD616}.Debug|Win32.Build.0 = Debug|Win32
		{5245E25D-52B1-494B-815B-6E402C6AD616}.Release DLL|Win32.ActiveCfg = Release Unicode|Win32
		{5245E25D-52B1-494B-815B-6E402C6AD616}.Release DLL|Win32.Build.0 = Release Unicode|Win32
		{5245E25D-52B1-494B-815B-6E402C6AD616}.Release Static|Win32.ActiveCfg = Release Unicode|Win32
		{5245E25D-52B1-494B-815B-6E402C6AD616}.Release Static|Win32.Build.0 = Release Unicode|Win32
		{5245E25D-52B1-494B-815B-6E402C6AD616}.Release Unicode|Win32.ActiveCfg = Release Unicode|Win32
		{5245E25D-52B1-494B-815B-6E402C6AD616}.Release Unicode|Win32.Build.0 = Release Unicode|Win32
		{5245E25D-52B1-494B-815B-6E402C6AD616}.Release|Win32.ActiveCfg = Release|Win32
		{5245E25D-52B1-494B-815B-6E402C6AD616}.Release|Win32.Build.0 = Release|Win32
		{D45C5986-0D76-4B0A-8470-4830C9C659EE}.Debug DLL|Win32.ActiveCfg = Debug|Win32
		{D45C5986-0D76-4B0A-8470-4830C9C659EE}.Debug No Type Info Name|Win32.ActiveCfg = Debug|Win32
		{D45C5986-0D76-4B0A-8470-4830C9C659EE}.Debug NtTimer|Win32.ActiveCfg = Debug|Win32
		{D45C5986-0D76-4B0A-8470-4830C9C659EE}.Debug Static|Win32.ActiveCfg = Debug|Win32
		{D45C5986-0D76-4B0A-8470-4830C9C659EE}.Debug Unicode|Win32.ActiveCfg = Debug|Win32
		{D45C5986-0D76-4B0A-8470-4830C9C659EE}.Debug|Win32.ActiveCfg = Debug|Win32
		{D45C5986-0D76-4B0A-8470-4830C9C659EE}.Release DLL|Win32.ActiveCfg = Release|Win32
		{D45C5986-0D76-4B0A-8470-4830C9C659EE}.Release Static|Win32.ActiveCfg = Release|Win32
		{D45C5986-0D76-4B0A-8470-4830C9C659EE}.Release Unicode|Win32.ActiveCfg = Release|Win32
		{D45C5986-0D76-4B0A-8470-4830C9C659EE}.Release|Win32.ActiveCfg = Release|Win32
		{DF0107FB-5759-4F55-93C4-3959FEE9E5FD}.Debug DLL|Win32.ActiveCfg = Debug|Win32
		{DF0107FB-5759-4F55-93C4-3959FEE9E5FD}.Debug DLL|Win32.Build.0 = Debug|Win32
		{DF0107FB-5759-4F55-93C4-3959FEE9E5FD}.Debug No Type Info Name|Win32.ActiveCfg = Debug|Win32
		{DF0107FB-5759-4F55-93C4-3959FEE9E5FD}.Debug No Type Info Name|Win32.Build.0 = Debug|Win32
		{DF0107FB-5759-4F55-93C4-3959FEE9E5FD}.Debug NtTimer|Win32.ActiveCfg = Debug|Win32
		{DF0107FB-5759-4F55-93C4-3959FEE9E5FD}.Debug NtTimer|Win32.Build.0 = Debug|Win32
		{DF0107FB-5759-4F55-93C4-3959FEE9E5FD}.Debug Static|Win32.ActiveCfg = Debug|Win32
		{DF0107FB-5759-4F55-93C4-3959FEE9E5FD}.Debug Static|Win32.Build.0 = Debug|Win32
		{DF0107FB-5759-4F55-93C4-3959FEE9E5FD}.Debug Unicode|Win32.ActiveCfg = Debug|Win32
		{DF0107FB-5759-4F55-93C4-3959FEE9E5FD}.Debug Unicode|Win32.Build.0 = Debug|Win32
		{DF0107FB-5759-4F55-93C4-3959FEE9E5FD}.Debug|Win32.ActiveCfg = Debug|Win32
		{DF0107FB-5759-4F55-93C4-3959FEE9E5FD}.Debug|Win32.Build.0 = Debug|Win32
		{DF0107FB-5759-4F55-93C4-3959FEE9E5FD}.Release DLL|Win32.ActiveCfg = Release|Win32
		{DF0107FB-5759-4F55-93C4-3959FEE9E5FD}.Release DLL|Win32.Build.0 = Release|Win32
		{DF0107FB-5759-4F55-93C4-3959FEE9E5FD}.Release Static|Win32.ActiveCfg = Release|Win32
		{DF0107FB-5759-4F55-93C4-3959FEE9E5FD}.Release Static|Win32.Build.0 = Release|Win32
		{DF0107FB-5759-4F55-93C4-3959FEE9E5FD}.Release Unicode|Win32.ActiveCfg = Release|Win32
		{DF0107FB-5759-4F55-93C4-3959FEE9E5FD}.Release Unicode|Win32.Build.0 = Release|Win32
		{DF0107FB-5759-4F55-93C4-3959FEE9E5FD}.Release|Win32.ActiveCfg = Release|Win32
		{DF0107FB-5759-4F55-93C4-3959FEE9E5FD}.Release|Win32.Build.0 = Release|Win32
		{1D143AAE-9C3B-4216-8296-8AAB994E6C38}.Debug DLL|Win32.ActiveCfg = Debug|Win32
		{1D143AAE-9C3B-4216-8296-8AAB994E6C38}.Debug DLL|Win32.Build.0 = Debug|Win32
		{1D143AAE-9C3B-4216-8296-8AAB994E6C38}.Debug No Type Info Name|Win32.ActiveCfg = Debug|Win32
		{1D143AAE-9C3B-4216-8296-8AAB994E6C38}.Debug No Type Info Name|Win32.Build.0 = Debug|Win32
		{1D143AAE-9C3B-4216-8296-8AAB994E6C38}.Debug NtTimer|Win32.ActiveCfg = Debug|Win32
		{1D143AAE-9C3B-4216-8296-8AAB994E6C38}.Debug NtTimer|Win32.Build.0 = Debug|Win32
		{1D143AAE-9C3B-4216-8296-8AAB994E6C38}.Debug Static|Win32.ActiveCfg = Debug|Win32
		{1D143AAE-9C3B-4216-8296-8AAB994E6C38}.Debug Static|Win32.Build.0 = Debug|Win32
		{1D143AAE-9C3B-4216-8296-8AAB994E6C38}.Debug Unicode|Win32.ActiveCfg = Debug|Win32
		{1D143AAE-9C3B-4216-8296-8AAB994E6C38}.Debug Unicode|Win32.Build.0 = Debug|Win32
		{1D143AAE-9C3B-4216-8296-8AAB994E6C38}.Debug|Win32.ActiveCfg = Debug|Win32
		{1D143AAE-9C3B-4216-8296-8AAB994E6C38}.Debug|Win32.Build.0 = Debug|Win32
		{1D143AAE-9C3B-4216-8296-8AAB994E6C38}.Release DLL|Win32.ActiveCfg = Release|Win32
		{1D143AAE-9C3B-4216-8296-8AAB994E6C38}.Release DLL|Win32.Build.0 = Release|Win32
		{1D143AAE-9C3B-4216-8296-8AAB994E6C38}.Release Static|Win32.ActiveCfg = Release|Win32
		{1D143AAE-9C3B-4216-8296-8AAB994E6C38}.Release Static|Win32.Build.0 = Release|Win32
		{1D143AAE-9C3B-4216-8296-8AAB994E6C38}.Release Unicode|Win32.ActiveCfg = Release|Win32
		{1D143AAE-9C3B-4216-8296-8AAB994E6C38}.Release Unicode|Win32.Build.0 = Release|Win32
		{1D143AAE-9C3B-4216-8296-8AAB994E6C38}.Release|Win32.ActiveCfg = Release|Win32
		{1D143AAE-9C3B-4216-8296-8AAB994E6C38}.Release|Win32.Build.0 = Release|Win32
		{693E6841-249B-4C86-9F29-E02C7DAF9603}.Debug DLL|Win32.ActiveCfg = Debug|Win32
		{693E6841-249B-4C86-9F29-E02C7DAF9603}.Debug DLL|Win32.Build.0 = Debug|Win32
		{693E6841-249B-4C86-9F29-E02C7DAF9603}.Debug No Type Info Name|Win32.ActiveCfg = Debug|Win32
		{693E6841-249B-4C86-9F29-E02C7DAF9603}.Debug No Type Info Name|Win32.Build.0 = Debug|Win32
		{693E6841-249B-4C86-9F29-E02C7DAF9603}.Debug NtTimer|Win32.ActiveCfg = Debug|Win32
		{693E6841-249B-4C86-9F29-E02C7DAF9603}.Debug NtTimer|Win32.Build.0 = Debug|Win32
		{693E6841-249B-4C86-9F29-E02C7DAF9603}.Debug Static|Win32.ActiveCfg = Debug|Win32
		{693E6841-249B-4C86-9F29-E02C7DAF9603}.Debug Static|Win32.Build.0 = Debug|Win32
		{693E6841-249B-4C86-9F29-E02C7DAF9603}.Debug Unicode|Win32.ActiveCfg = Debug|Win32
		{693E6841-249B-4C86-9F29-E02C7DAF9603}.Debug Unicode|Win32.Build.0 = Debug|Win32
		{693E6841-249B-4C86-9F29-E02C7DAF9603}.Debug|Win32.ActiveCfg = Debug|Win32
		{693E6841-249B-4C86-9F29-E02C7DAF9603}.Debug|Win32.Build.0 = Debug|Win32
		{693E6841-249B-4C86-9F29-E02C7DAF9603}.Release DLL|Win32.ActiveCfg = Release|Win32
		{693E6841-249B-4C86-9F29-E02C7DAF9603}.Release DLL|Win32.Build.0 = Release|Win32
		{693E6841-249B-4C86-9F29-E02C7DAF9603}.Release Static|Win32.ActiveCfg = Release|Win32
		{693E6841-249B-4C86-9F29-E02C7DAF9603}.Release Static|Win32.Build.0 = Release|Win32
		{693E6841-249B-4C86-9F29-E02C7DAF9603}.Release Unicode|Win32.ActiveCfg = Release|Win32
		{693E6841-249B-4C86-9F29-E02C7DAF9603}.Release Unicode|Win32.Build.0 = Release|Win32
		{693E6841-249B-4C86-9F29-E02C7DAF9603}.Release|Win32.ActiveCfg = Release|Win32
		{693E6841-249B-4C86-9F29-E02C7DAF9603}.Release|Win32.Build.0 = Release|Win32
		{165D903F-DC82-46AD-A26E-417AE3923A0B}.Debug DLL|Win32.ActiveCfg = Debug|Win32
		{165D903F-DC82-46AD-A26E-417AE3923A0B}.Debug DLL|Win32.Build.0 = Debug|Win32
		{165D903F-DC82-46AD-A26E-417AE3923A0B}.Debug No Type Info Name|Win32.ActiveCfg = Debug|Win32
		{165D903F-DC82-46AD-A26E-417AE3923A0B}.Debug No Type Info Name|Win32.Build.0 = Debug|Win32
		{165D903F-DC82-46AD-A26E-417AE3923A0B}.Debug NtTimer|Win32.ActiveCfg = Debug|Win32
		{165D903F-DC82-46AD-A26E-417AE3923A0B}.Debug NtTimer|Win32.Build.0 = Debug|Win32
		{165D903F-DC82-46AD-A26E-417AE3923A0B}.Debug Static|Win32.ActiveCfg = Debug|Win32
		{165D903F-DC82-46AD-A26E-417AE3923A0B}.Debug Static|Win32.Build.0 = Debug|Win32
		{165D903F-DC82-46AD-A26E-417AE3923A0B}.Debug Unicode|Win32.ActiveCfg = Debug|Win32
		{165D903F-DC82-46AD-A26E-417AE3923A0B}.Debug Unicode|Win32.Build.0 = Debug|Win32
		{165D903F-DC82-46AD-A26E-417AE3923A0B}.Debug|Win32.ActiveCfg = Debug|Win32
		{165D903F-DC82-46AD-A26E-417AE3923A0B}.Debug|Win32.Build.0 = Debug|Win32
		{165D903F-DC82-46AD-A26E-417AE3923A0B}.Release DLL|Win32.ActiveCfg = Release|Win32
		{165D903F-DC82-46AD-A26E-417AE3923A0B}.Release DLL|Win32.Build.0 = Release|Win32
		{165D903F-DC82-46AD-A26E-417AE3923A0B}.Release Static|Win32.ActiveCfg = Release|Win32
		{165D903F-DC82-46AD-A26E-417AE3923A0B}.Release Static|Win32.Build.0 = Release|Win32
		{165D903F-DC82-46AD-A26E-417AE3923A0B}.Release Unicode|Win32.ActiveCfg = Release|Win32
		{165D903F-DC82-46AD-A26E-417AE3923A0B}.Release Unicode|Win32.Build.0 = Release|Win32
		{165D903F-DC82-46AD-A26E-417AE3923A0B}.Release|Win32.ActiveCfg = Release|Win32
		{165D903F-DC82-46AD-A26E-417AE3923A0B}.Release|Win32.Build.0 = Release|Win32
		{16983A46-14D4-4474-B02F-29E4788857FD}.Debug DLL|Win32.ActiveCfg = Debug|Win32
		{16983A46-14D4-4474-B02F-29E4788857FD}.Debug DLL|Win32.Build.0 = Debug|Win32
		{16983A46-14D4-4474-B02F-29E4788857FD}.Debug No Type Info Name|Win32.ActiveCfg = Debug|Win32
		{16983A46-14D4-4474-B02F-29E4788857FD}.Debug No Type Info Name|Win32.Build.0 = Debug|Win32
		{16983A46-14D4-4474-B02F-29E4788857FD}.Debug NtTimer|Win32.ActiveCfg = Debug|Win32
		{16983A46-14D4-4474-B02F-29E4788857FD}.Debug NtTimer|Win32.Build.0 = Debug|Win32
		{16983A46-14D4-4474-B02F-29E4788857FD}.Debug Static|Win32.ActiveCfg = Debug|Win32
		{16983A46-14D4-4474-B02F-29E4788857FD}.Debug Static|Win32.Build.0 = Debug|Win32
		{16983A46-14D4-4474-B02F-29E4788857FD}.Debug Unicode|Win32.ActiveCfg = Debug|Win32
		{16983A46-14D4-4474-B02F-29E4788857FD}.Debug Unicode|Win32.Build.0 = Debug|Win32
		{16983A46-14D4-4474-B02F-29E4788857FD}.Debug|Win32.ActiveCfg = Debug|Win32
		{16983A46-14D4-4474-B02F-29E4788857FD}.Debug|Win32.Build.0 = Debug|Win32
		{16983A46-14D4-4474-B02F-29E4788857FD}.Release DLL|Win32.ActiveCfg = Release|Win32
		{16983A46-14D4-4474-B02F-29E4788857FD}.Release DLL|Win32.Build.0 = Release|Win32
		{16983A46-14D4-4474-B02F-29E4788857FD}.Release Static|Win32.ActiveCfg = Release|Win32
		{16983A46-14D4-4474-B02F-29E4788857FD}.Release Static|Win32.Build.0 = Release|Win32
		{16983A46-14D4-4474-B02F-29E4788857FD}.Release Unicode|Win32.ActiveCfg = Release|Win32
		{16983A46-14D4-4474-B02F-29E4788857FD}.Release Unicode|Win32.Build.0 = Release|Win32
		{16983A46-14D4-4474-B02F-29E4788857FD}.Release|Win32.ActiveCfg = Release|Win32
		{16983A46-14D4-4474-B02F-29E4788857FD}.Release|Win32.Build.0 = Release|Win32
	EndGlobalSection
	GlobalSection(SolutionProperties) = preSolution
		HideSolutionNode = FALSE
	EndGlobalSection
EndGlobal
